# This file is autogenerated, do not edit; changes may be undone by the next 'dep ensure'.


[[projects]]
  name = "github.com/google/go-querystring"
  packages = ["query"]
  revision = "44c6ddd0a2342c386950e880b658017258da92fc"
  version = "v1.0.0"

[solve-meta]
  analyzer-name = "dep"
  analyzer-version = 1
  inputs-digest = "474d6037d87345f4adb080bfecb4ccebfce8e715066b87285ffc5dc813212e3b"
  solver-name = "gps-cdcl"
  solver-version = 1
